// !$*UTF8*$!
{
	archiveVersion = 1;
	classes = {
	};
	objectVersion = 46;
	objects = {

/* Begin PBXBuildFile section */
		54EFC15D1F2F59D100330C54 /* AppDelegate.swift in Sources */ = {isa = PBXBuildFile; fileRef = 54EFC15C1F2F59D100330C54 /* AppDelegate.swift */; };
		54EFC15F1F2F59D100330C54 /* ViewController.swift in Sources */ = {isa = PBXBuildFile; fileRef = 54EFC15E1F2F59D100330C54 /* ViewController.swift */; };
		54EFC1621F2F59D100330C54 /* Main.storyboard in Resources */ = {isa = PBXBuildFile; fileRef = 54EFC1601F2F59D100330C54 /* Main.storyboard */; };
		54EFC1641F2F59D100330C54 /* Assets.xcassets in Resources */ = {isa = PBXBuildFile; fileRef = 54EFC1631F2F59D100330C54 /* Assets.xcassets */; };
		54EFC1671F2F59D100330C54 /* LaunchScreen.storyboard in Resources */ = {isa = PBXBuildFile; fileRef = 54EFC1651F2F59D100330C54 /* LaunchScreen.storyboard */; };
		54EFC1721F2F59D200330C54 /* UISearchControllerIosTests.swift in Sources */ = {isa = PBXBuildFile; fileRef = 54EFC1711F2F59D200330C54 /* UISearchControllerIosTests.swift */; };
		54EFC17D1F2F59D200330C54 /* UISearchControllerIosUITests.swift in Sources */ = {isa = PBXBuildFile; fileRef = 54EFC17C1F2F59D200330C54 /* UISearchControllerIosUITests.swift */; };
/* End PBXBuildFile section */

/* Begin PBXContainerItemProxy section */
		54EFC16E1F2F59D200330C54 /* PBXContainerItemProxy */ = {
			isa = PBXContainerItemProxy;
			containerPortal = 54EFC1511F2F59D100330C54 /* Project object */;
			proxyType = 1;
			remoteGlobalIDString = 54EFC1581F2F59D100330C54;
			remoteInfo = UISearchControllerIos;
		};
		54EFC1791F2F59D200330C54 /* PBXContainerItemProxy */ = {
			isa = PBXContainerItemProxy;
			containerPortal = 54EFC1511F2F59D100330C54 /* Project object */;
			proxyType = 1;
			remoteGlobalIDString = 54EFC1581F2F59D100330C54;
			remoteInfo = UISearchControllerIos;
		};
/* End PBXContainerItemProxy section */

/* Begin PBXFileReference section */
		54EFC1591F2F59D100330C54 /* UISearchControllerIos.app */ = {isa = PBXFileReference; explicitFileType = wrapper.application; includeInIndex = 0; path = UISearchControllerIos.app; sourceTree = BUILT_PRODUCTS_DIR; };
		54EFC15C1F2F59D100330C54 /* AppDelegate.swift */ = {isa = PBXFileReference; lastKnownFileType = sourcecode.swift; path = AppDelegate.swift; sourceTree = "<group>"; };
		54EFC15E1F2F59D100330C54 /* ViewController.swift */ = {isa = PBXFileReference; lastKnownFileType = sourcecode.swift; path = ViewController.swift; sourceTree = "<group>"; };
		54EFC1611F2F59D100330C54 /* Base */ = {isa = PBXFileReference; lastKnownFileType = file.storyboard; name = Base; path = Base.lproj/Main.storyboard; sourceTree = "<group>"; };
		54EFC1631F2F59D100330C54 /* Assets.xcassets */ = {isa = PBXFileReference; lastKnownFileType = folder.assetcatalog; path = Assets.xcassets; sourceTree = "<group>"; };
		54EFC1661F2F59D100330C54 /* Base */ = {isa = PBXFileReference; lastKnownFileType = file.storyboard; name = Base; path = Base.lproj/LaunchScreen.storyboard; sourceTree = "<group>"; };
		54EFC1681F2F59D100330C54 /* Info.plist */ = {isa = PBXFileReference; lastKnownFileType = text.plist.xml; path = Info.plist; sourceTree = "<group>"; };
		54EFC16D1F2F59D200330C54 /* UISearchControllerIosTests.xctest */ = {isa = PBXFileReference; explicitFileType = wrapper.cfbundle; includeInIndex = 0; path = UISearchControllerIosTests.xctest; sourceTree = BUILT_PRODUCTS_DIR; };
		54EFC1711F2F59D200330C54 /* UISearchControllerIosTests.swift */ = {isa = PBXFileReference; lastKnownFileType = sourcecode.swift; path = UISearchControllerIosTests.swift; sourceTree = "<group>"; };
		54EFC1731F2F59D200330C54 /* Info.plist */ = {isa = PBXFileReference; lastKnownFileType = text.plist.xml; path = Info.plist; sourceTree = "<group>"; };
		54EFC1781F2F59D200330C54 /* UISearchControllerIosUITests.xctest */ = {isa = PBXFileReference; explicitFileType = wrapper.cfbundle; includeInIndex = 0; path = UISearchControllerIosUITests.xctest; sourceTree = BUILT_PRODUCTS_DIR; };
		54EFC17C1F2F59D200330C54 /* UISearchControllerIosUITests.swift */ = {isa = PBXFileReference; lastKnownFileType = sourcecode.swift; path = UISearchControllerIosUITests.swift; sourceTree = "<group>"; };
		54EFC17E1F2F59D200330C54 /* Info.plist */ = {isa = PBXFileReference; lastKnownFileType = text.plist.xml; path = Info.plist; sourceTree = "<group>"; };
/* End PBXFileReference section */

/* Begin PBXFrameworksBuildPhase section */
		54EFC1561F2F59D100330C54 /* Frameworks */ = {
			isa = PBXFrameworksBuildPhase;
			buildActionMask = 2147483647;
			files = (
			);
			runOnlyForDeploymentPostprocessing = 0;
		};
		54EFC16A1F2F59D200330C54 /* Frameworks */ = {
			isa = PBXFrameworksBuildPhase;
			buildActionMask = 2147483647;
			files = (
			);
			runOnlyForDeploymentPostprocessing = 0;
		};
		54EFC1751F2F59D200330C54 /* Frameworks */ = {
			isa = PBXFrameworksBuildPhase;
			buildActionMask = 2147483647;
			files = (
			);
			runOnlyForDeploymentPostprocessing = 0;
		};
/* End PBXFrameworksBuildPhase section */

/* Begin PBXGroup section */
		54EFC1501F2F59D100330C54 = {
			isa = PBXGroup;
			children = (
				54EFC15B1F2F59D100330C54 /* UISearchControllerIos */,
				54EFC1701F2F59D200330C54 /* UISearchControllerIosTests */,
				54EFC17B1F2F59D200330C54 /* UISearchControllerIosUITests */,
				54EFC15A1F2F59D100330C54 /* Products */,
			);
			sourceTree = "<group>";
		};
		54EFC15A1F2F59D100330C54 /* Products */ = {
			isa = PBXGroup;
			children = (
				54EFC1591F2F59D100330C54 /* UISearchControllerIos.app */,
				54EFC16D1F2F59D200330C54 /* UISearchControllerIosTests.xctest */,
				54EFC1781F2F59D200330C54 /* UISearchControllerIosUITests.xctest */,
			);
			name = Products;
			sourceTree = "<group>";
		};
		54EFC15B1F2F59D100330C54 /* UISearchControllerIos */ = {
			isa = PBXGroup;
			children = (
				54EFC15C1F2F59D100330C54 /* AppDelegate.swift */,
				54EFC15E1F2F59D100330C54 /* ViewController.swift */,
				54EFC1601F2F59D100330C54 /* Main.storyboard */,
				54EFC1631F2F59D100330C54 /* Assets.xcassets */,
				54EFC1651F2F59D100330C54 /* LaunchScreen.storyboard */,
				54EFC1681F2F59D100330C54 /* Info.plist */,
			);
			path = UISearchControllerIos;
			sourceTree = "<group>";
		};
		54EFC1701F2F59D200330C54 /* UISearchControllerIosTests */ = {
			isa = PBXGroup;
			children = (
				54EFC1711F2F59D200330C54 /* UISearchControllerIosTests.swift */,
				54EFC1731F2F59D200330C54 /* Info.plist */,
			);
			path = UISearchControllerIosTests;
			sourceTree = "<group>";
		};
		54EFC17B1F2F59D200330C54 /* UISearchControllerIosUITests */ = {
			isa = PBXGroup;
			children = (
				54EFC17C1F2F59D200330C54 /* UISearchControllerIosUITests.swift */,
				54EFC17E1F2F59D200330C54 /* Info.plist */,
			);
			path = UISearchControllerIosUITests;
			sourceTree = "<group>";
		};
/* End PBXGroup section */

/* Begin PBXNativeTarget section */
		54EFC1581F2F59D100330C54 /* UISearchControllerIos */ = {
			isa = PBXNativeTarget;
			buildConfigurationList = 54EFC1811F2F59D200330C54 /* Build configuration list for PBXNativeTarget "UISearchControllerIos" */;
			buildPhases = (
				54EFC1551F2F59D100330C54 /* Sources */,
				54EFC1561F2F59D100330C54 /* Frameworks */,
				54EFC1571F2F59D100330C54 /* Resources */,
			);
			buildRules = (
			);
			dependencies = (
			);
			name = UISearchControllerIos;
			productName = UISearchControllerIos;
			productReference = 54EFC1591F2F59D100330C54 /* UISearchControllerIos.app */;
			productType = "com.apple.product-type.application";
		};
		54EFC16C1F2F59D200330C54 /* UISearchControllerIosTests */ = {
			isa = PBXNativeTarget;
			buildConfigurationList = 54EFC1841F2F59D200330C54 /* Build configuration list for PBXNativeTarget "UISearchControllerIosTests" */;
			buildPhases = (
				54EFC1691F2F59D200330C54 /* Sources */,
				54EFC16A1F2F59D200330C54 /* Frameworks */,
				54EFC16B1F2F59D200330C54 /* Resources */,
			);
			buildRules = (
			);
			dependencies = (
				54EFC16F1F2F59D200330C54 /* PBXTargetDependency */,
			);
			name = UISearchControllerIosTests;
			productName = UISearchControllerIosTests;
			productReference = 54EFC16D1F2F59D200330C54 /* UISearchControllerIosTests.xctest */;
			productType = "com.apple.product-type.bundle.unit-test";
		};
		54EFC1771F2F59D200330C54 /* UISearchControllerIosUITests */ = {
			isa = PBXNativeTarget;
			buildConfigurationList = 54EFC1871F2F59D200330C54 /* Build configuration list for PBXNativeTarget "UISearchControllerIosUITests" */;
			buildPhases = (
				54EFC1741F2F59D200330C54 /* Sources */,
				54EFC1751F2F59D200330C54 /* Frameworks */,
				54EFC1761F2F59D200330C54 /* Resources */,
			);
			buildRules = (
			);
			dependencies = (
				54EFC17A1F2F59D200330C54 /* PBXTargetDependency */,
			);
			name = UISearchControllerIosUITests;
			productName = UISearchControllerIosUITests;
			productReference = 54EFC1781F2F59D200330C54 /* UISearchControllerIosUITests.xctest */;
			productType = "com.apple.product-type.bundle.ui-testing";
		};
/* End PBXNativeTarget section */

/* Begin PBXProject section */
		54EFC1511F2F59D100330C54 /* Project object */ = {
			isa = PBXProject;
			attributes = {
				LastSwiftUpdateCheck = 0830;
				LastUpgradeCheck = 0830;
				ORGANIZATIONNAME = plash;
				TargetAttributes = {
					54EFC1581F2F59D100330C54 = {
						CreatedOnToolsVersion = 8.3.2;
						ProvisioningStyle = Automatic;
					};
					54EFC16C1F2F59D200330C54 = {
						CreatedOnToolsVersion = 8.3.2;
						ProvisioningStyle = Automatic;
						TestTargetID = 54EFC1581F2F59D100330C54;
					};
					54EFC1771F2F59D200330C54 = {
						CreatedOnToolsVersion = 8.3.2;
						ProvisioningStyle = Automatic;
						TestTargetID = 54EFC1581F2F59D100330C54;
					};
				};
			};
			buildConfigurationList = 54EFC1541F2F59D100330C54 /* Build configuration list for PBXProject "UISearchControllerIos" */;
			compatibilityVersion = "Xcode 3.2";
			developmentRegion = English;
			hasScannedForEncodings = 0;
			knownRegions = (
				en,
				Base,
			);
			mainGroup = 54EFC1501F2F59D100330C54;
			productRefGroup = 54EFC15A1F2F59D100330C54 /* Products */;
			projectDirPath = "";
			projectRoot = "";
			targets = (
				54EFC1581F2F59D100330C54 /* UISearchControllerIos */,
				54EFC16C1F2F59D200330C54 /* UISearchControllerIosTests */,
				54EFC1771F2F59D200330C54 /* UISearchControllerIosUITests */,
			);
		};
/* End PBXProject section */

/* Begin PBXResourcesBuildPhase section */
		54EFC1571F2F59D100330C54 /* Resources */ = {
			isa = PBXResourcesBuildPhase;
			buildActionMask = 2147483647;
			files = (
				54EFC1671F2F59D100330C54 /* LaunchScreen.storyboard in Resources */,
				54EFC1641F2F59D100330C54 /* Assets.xcassets in Resources */,
				54EFC1621F2F59D100330C54 /* Main.storyboard in Resources */,
			);
			runOnlyForDeploymentPostprocessing = 0;
		};
		54EFC16B1F2F59D200330C54 /* Resources */ = {
			isa = PBXResourcesBuildPhase;
			buildActionMask = 2147483647;
			files = (
			);
			runOnlyForDeploymentPostprocessing = 0;
		};
		54EFC1761F2F59D200330C54 /* Resources */ = {
			isa = PBXResourcesBuildPhase;
			buildActionMask = 2147483647;
			files = (
			);
			runOnlyForDeploymentPostprocessing = 0;
		};
/* End PBXResourcesBuildPhase section */

/* Begin PBXSourcesBuildPhase section */
		54EFC1551F2F59D100330C54 /* Sources */ = {
			isa = PBXSourcesBuildPhase;
			buildActionMask = 2147483647;
			files = (
				54EFC15F1F2F59D100330C54 /* ViewController.swift in Sources */,
				54EFC15D1F2F59D100330C54 /* AppDelegate.swift in Sources */,
			);
			runOnlyForDeploymentPostprocessing = 0;
		};
		54EFC1691F2F59D200330C54 /* Sources */ = {
			isa = PBXSourcesBuildPhase;
			buildActionMask = 2147483647;
			files = (
				54EFC1721F2F59D200330C54 /* UISearchControllerIosTests.swift in Sources */,
			);
			runOnlyForDeploymentPostprocessing = 0;
		};
		54EFC1741F2F59D200330C54 /* Sources */ = {
			isa = PBXSourcesBuildPhase;
			buildActionMask = 2147483647;
			files = (
				54EFC17D1F2F59D200330C54 /* UISearchControllerIosUITests.swift in Sources */,
			);
			runOnlyForDeploymentPostprocessing = 0;
		};
/* End PBXSourcesBuildPhase section */

/* Begin PBXTargetDependency section */
		54EFC16F1F2F59D200330C54 /* PBXTargetDependency */ = {
			isa = PBXTargetDependency;
			target = 54EFC1581F2F59D100330C54 /* UISearchControllerIos */;
			targetProxy = 54EFC16E1F2F59D200330C54 /* PBXContainerItemProxy */;
		};
		54EFC17A1F2F59D200330C54 /* PBXTargetDependency */ = {
			isa = PBXTargetDependency;
			target = 54EFC1581F2F59D100330C54 /* UISearchControllerIos */;
			targetProxy = 54EFC1791F2F59D200330C54 /* PBXContainerItemProxy */;
		};
/* End PBXTargetDependency section */

/* Begin PBXVariantGroup section */
		54EFC1601F2F59D100330C54 /* Main.storyboard */ = {
			isa = PBXVariantGroup;
			children = (
				54EFC1611F2F59D100330C54 /* Base */,
			);
			name = Main.storyboard;
			sourceTree = "<group>";
		};
		54EFC1651F2F59D100330C54 /* LaunchScreen.storyboard */ = {
			isa = PBXVariantGroup;
			children = (
				54EFC1661F2F59D100330C54 /* Base */,
			);
			name = LaunchScreen.storyboard;
			sourceTree = "<group>";
		};
/* End PBXVariantGroup section */

/* Begin XCBuildConfiguration section */
		54EFC17F1F2F59D200330C54 /* Debug */ = {
			isa = XCBuildConfiguration;
			buildSettings = {
				ALWAYS_SEARCH_USER_PATHS = NO;
				CLANG_ANALYZER_NONNULL = YES;
				CLANG_ANALYZER_NUMBER_OBJECT_CONVERSION = YES_AGGRESSIVE;
				CLANG_CXX_LANGUAGE_STANDARD = "gnu++0x";
				CLANG_CXX_LIBRARY = "libc++";
				CLANG_ENABLE_MODULES = YES;
				CLANG_ENABLE_OBJC_ARC = YES;
				CLANG_WARN_BOOL_CONVERSION = YES;
				CLANG_WARN_CONSTANT_CONVERSION = YES;
				CLANG_WARN_DIRECT_OBJC_ISA_USAGE = YES_ERROR;
				CLANG_WARN_DOCUMENTATION_COMMENTS = YES;
				CLANG_WARN_EMPTY_BODY = YES;
				CLANG_WARN_ENUM_CONVERSION = YES;
				CLANG_WARN_INFINITE_RECURSION = YES;
				CLANG_WARN_INT_CONVERSION = YES;
				CLANG_WARN_OBJC_ROOT_CLASS = YES_ERROR;
				CLANG_WARN_SUSPICIOUS_MOVE = YES;
				CLANG_WARN_UNREACHABLE_CODE = YES;
				CLANG_WARN__DUPLICATE_METHOD_MATCH = YES;
				"CODE_SIGN_IDENTITY[sdk=iphoneos*]" = "iPhone Developer";
				COPY_PHASE_STRIP = NO;
				DEBUG_INFORMATION_FORMAT = dwarf;
				ENABLE_STRICT_OBJC_MSGSEND = YES;
				ENABLE_TESTABILITY = YES;
				GCC_C_LANGUAGE_STANDARD = gnu99;
				GCC_DYNAMIC_NO_PIC = NO;
				GCC_NO_COMMON_BLOCKS = YES;
				GCC_OPTIMIZATION_LEVEL = 0;
				GCC_PREPROCESSOR_DEFINITIONS = (
					"DEBUG=1",
					"$(inherited)",
				);
				GCC_WARN_64_TO_32_BIT_CONVERSION = YES;
				GCC_WARN_ABOUT_RETURN_TYPE = YES_ERROR;
				GCC_WARN_UNDECLARED_SELECTOR = YES;
				GCC_WARN_UNINITIALIZED_AUTOS = YES_AGGRESSIVE;
				GCC_WARN_UNUSED_FUNCTION = YES;
				GCC_WARN_UNUSED_VARIABLE = YES;
				IPHONEOS_DEPLOYMENT_TARGET = 10.3;
				MTL_ENABLE_DEBUG_INFO = YES;
				ONLY_ACTIVE_ARCH = YES;
				SDKROOT = iphoneos;
				SWIFT_ACTIVE_COMPILATION_CONDITIONS = DEBUG;
				SWIFT_OPTIMIZATION_LEVEL = "-Onone";
			};
			name = Debug;
		};
		54EFC1801F2F59D200330C54 /* Release */ = {
			isa = XCBuildConfiguration;
			buildSettings = {
				ALWAYS_SEARCH_USER_PATHS = NO;
				CLANG_ANALYZER_NONNULL = YES;
				CLANG_ANALYZER_NUMBER_OBJECT_CONVERSION = YES_AGGRESSIVE;
				CLANG_CXX_LANGUAGE_STANDARD = "gnu++0x";
				CLANG_CXX_LIBRARY = "libc++";
				CLANG_ENABLE_MODULES = YES;
				CLANG_ENABLE_OBJC_ARC = YES;
				CLANG_WARN_BOOL_CONVERSION = YES;
				CLANG_WARN_CONSTANT_CONVERSION = YES;
				CLANG_WARN_DIRECT_OBJC_ISA_USAGE = YES_ERROR;
				CLANG_WARN_DOCUMENTATION_COMMENTS = YES;
				CLANG_WARN_EMPTY_BODY = YES;
				CLANG_WARN_ENUM_CONVERSION = YES;
				CLANG_WARN_INFINITE_RECURSION = YES;
				CLANG_WARN_INT_CONVERSION = YES;
				CLANG_WARN_OBJC_ROOT_CLASS = YES_ERROR;
				CLANG_WARN_SUSPICIOUS_MOVE = YES;
				CLANG_WARN_UNREACHABLE_CODE = YES;
				CLANG_WARN__DUPLICATE_METHOD_MATCH = YES;
				"CODE_SIGN_IDENTITY[sdk=iphoneos*]" = "iPhone Developer";
				COPY_PHASE_STRIP = NO;
				DEBUG_INFORMATION_FORMAT = "dwarf-with-dsym";
				ENABLE_NS_ASSERTIONS = NO;
				ENABLE_STRICT_OBJC_MSGSEND = YES;
				GCC_C_LANGUAGE_STANDARD = gnu99;
				GCC_NO_COMMON_BLOCKS = YES;
				GCC_WARN_64_TO_32_BIT_CONVERSION = YES;
				GCC_WARN_ABOUT_RETURN_TYPE = YES_ERROR;
				GCC_WARN_UNDECLARED_SELECTOR = YES;
				GCC_WARN_UNINITIALIZED_AUTOS = YES_AGGRESSIVE;
				GCC_WARN_UNUSED_FUNCTION = YES;
				GCC_WARN_UNUSED_VARIABLE = YES;
				IPHONEOS_DEPLOYMENT_TARGET = 10.3;
				MTL_ENABLE_DEBUG_INFO = NO;
				SDKROOT = iphoneos;
				SWIFT_OPTIMIZATION_LEVEL = "-Owholemodule";
				VALIDATE_PRODUCT = YES;
			};
			name = Release;
		};
		54EFC1821F2F59D200330C54 /* Debug */ = {
			isa = XCBuildConfiguration;
			buildSettings = {
				ASSETCATALOG_COMPILER_APPICON_NAME = AppIcon;
				INFOPLIST_FILE = UISearchControllerIos/Info.plist;
				LD_RUNPATH_SEARCH_PATHS = "$(inherited) @executable_path/Frameworks";
				PRODUCT_BUNDLE_IDENTIFIER = com.experts.UISearchControllerIos;
				PRODUCT_NAME = "$(TARGET_NAME)";
				SWIFT_VERSION = 3.0;
			};
			name = Debug;
		};
		54EFC1831F2F59D200330C54 /* Release */ = {
			isa = XCBuildConfiguration;
			buildSettings = {
				ASSETCATALOG_COMPILER_APPICON_NAME = AppIcon;
				INFOPLIST_FILE = UISearchControllerIos/Info.plist;
				LD_RUNPATH_SEARCH_PATHS = "$(inherited) @executable_path/Frameworks";
				PRODUCT_BUNDLE_IDENTIFIER = com.experts.UISearchControllerIos;
				PRODUCT_NAME = "$(TARGET_NAME)";
				SWIFT_VERSION = 3.0;
			};
			name = Release;
		};
		54EFC1851F2F59D200330C54 /* Debug */ = {
			isa = XCBuildConfiguration;
			buildSettings = {
				ALWAYS_EMBED_SWIFT_STANDARD_LIBRARIES = YES;
				BUNDLE_LOADER = "$(TEST_HOST)";
				INFOPLIST_FILE = UISearchControllerIosTests/Info.plist;
				LD_RUNPATH_SEARCH_PATHS = "$(inherited) @executable_path/Frameworks @loader_path/Frameworks";
				PRODUCT_BUNDLE_IDENTIFIER = com.experts.UISearchControllerIosTests;
				PRODUCT_NAME = "$(TARGET_NAME)";
				SWIFT_VERSION = 3.0;
				TEST_HOST = "$(BUILT_PRODUCTS_DIR)/UISearchControllerIos.app/UISearchControllerIos";
			};
			name = Debug;
		};
		54EFC1861F2F59D200330C54 /* Release */ = {
			isa = XCBuildConfiguration;
			buildSettings = {
				ALWAYS_EMBED_SWIFT_STANDARD_LIBRARIES = YES;
				BUNDLE_LOADER = "$(TEST_HOST)";
				INFOPLIST_FILE = UISearchControllerIosTests/Info.plist;
				LD_RUNPATH_SEARCH_PATHS = "$(inherited) @executable_path/Frameworks @loader_path/Frameworks";
				PRODUCT_BUNDLE_IDENTIFIER = com.experts.UISearchControllerIosTests;
				PRODUCT_NAME = "$(TARGET_NAME)";
				SWIFT_VERSION = 3.0;
				TEST_HOST = "$(BUILT_PRODUCTS_DIR)/UISearchControllerIos.app/UISearchControllerIos";
			};
			name = Release;
		};
		54EFC1881F2F59D200330C54 /* Debug */ = {
			isa = XCBuildConfiguration;
			buildSettings = {
				ALWAYS_EMBED_SWIFT_STANDARD_LIBRARIES = YES;
				INFOPLIST_FILE = UISearchControllerIosUITests/Info.plist;
				LD_RUNPATH_SEARCH_PATHS = "$(inherited) @executable_path/Frameworks @loader_path/Frameworks";
				PRODUCT_BUNDLE_IDENTIFIER = com.experts.UISearchControllerIosUITests;
				PRODUCT_NAME = "$(TARGET_NAME)";
				SWIFT_VERSION = 3.0;
				TEST_TARGET_NAME = UISearchControllerIos;
			};
			name = Debug;
		};
		54EFC1891F2F59D200330C54 /* Release */ = {
			isa = XCBuildConfiguration;
			buildSettings = {
				ALWAYS_EMBED_SWIFT_STANDARD_LIBRARIES = YES;
				INFOPLIST_FILE = UISearchControllerIosUITests/Info.plist;
				LD_RUNPATH_SEARCH_PATHS = "$(inherited) @executable_path/Frameworks @loader_path/Frameworks";
				PRODUCT_BUNDLE_IDENTIFIER = com.experts.UISearchControllerIosUITests;
				PRODUCT_NAME = "$(TARGET_NAME)";
				SWIFT_VERSION = 3.0;
				TEST_TARGET_NAME = UISearchControllerIos;
			};
			name = Release;
		};
/* End XCBuildConfiguration section */

/* Begin XCConfigurationList section */
		54EFC1541F2F59D100330C54 /* Build configuration list for PBXProject "UISearchControllerIos" */ = {
			isa = XCConfigurationList;
			buildConfigurations = (
				54EFC17F1F2F59D200330C54 /* Debug */,
				54EFC1801F2F59D200330C54 /* Release */,
			);
			defaultConfigurationIsVisible = 0;
			defaultConfigurationName = Release;
		};
		54EFC1811F2F59D200330C54 /* Build configuration list for PBXNativeTarget "UISearchControllerIos" */ = {
			isa = XCConfigurationList;
			buildConfigurations = (
				54EFC1821F2F59D200330C54 /* Debug */,
				54EFC1831F2F59D200330C54 /* Release */,
			);
			defaultConfigurationIsVisible = 0;
		};
		54EFC1841F2F59D200330C54 /* Build configuration list for PBXNativeTarget "UISearchControllerIosTests" */ = {
			isa = XCConfigurationList;
			buildConfigurations = (
				54EFC1851F2F59D200330C54 /* Debug */,
				54EFC1861F2F59D200330C54 /* Release */,
			);
			defaultConfigurationIsVisible = 0;
		};
		54EFC1871F2F59D200330C54 /* Build configuration list for PBXNativeTarget "UISearchControllerIosUITests" */ = {
			isa = XCConfigurationList;
			buildConfigurations = (
				54EFC1881F2F59D200330C54 /* Debug */,
				54EFC1891F2F59D200330C54 /* Release */,
			);
			defaultConfigurationIsVisible = 0;
		};
/* End XCConfigurationList section */
	};
	rootObject = 54EFC1511F2F59D100330C54 /* Project object */;
}
